
Microsoft Visual Studio Solution File, Format Version 12.00
# Visual Studio Version 17
VisualStudioVersion = 17.5.33414.496
MinimumVisualStudioVersion = 10.0.40219.1
Project("{9A19103F-16F7-4668-BE54-9A1E7A4F7556}") = "EmployeeManagement.API", "EmployeeManagement.API\EmployeeManagement.API.csproj", "{52854BD0-2A33-4CE8-8305-A133CE70016E}"
EndProject
Project("{FAE04EC0-301F-11D3-BF4B-00C04F79EFBC}") = "EmployeeManagement.Business", "EmployeeManagement.Business\EmployeeManagement.Business.csproj", "{97A2E744-DA76-4132-9752-7613E297DDA2}"
EndProject
Project("{FAE04EC0-301F-11D3-BF4B-00C04F79EFBC}") = "EmployeeManagement.Common", "EmployeeManagement.Common\EmployeeManagement.Common.csproj", "{53AFFA21-3F94-4722-B622-816A12BB18BB}"
EndProject
Project("{FAE04EC0-301F-11D3-BF4B-00C04F79EFBC}") = "EmployeeManagement.Infrastructure", "EmployeeManagement.Infrastructure\EmployeeManagement.Infrastructure.csproj", "{19A9A7DC-03EB-44A1-9AAB-E3BF44D8E814}"
EndProject
Global
	GlobalSection(SolutionConfigurationPlatforms) = preSolution
		Debug|Any CPU = Debug|Any CPU
		Release|Any CPU = Release|Any CPU
	EndGlobalSection
	GlobalSection(ProjectConfigurationPlatforms) = postSolution
		{52854BD0-2A33-4CE8-8305-A133CE70016E}.Debug|Any CPU.ActiveCfg = Debug|Any CPU
		{52854BD0-2A33-4CE8-8305-A133CE70016E}.Debug|Any CPU.Build.0 = Debug|Any CPU
		{52854BD0-2A33-4CE8-8305-A133CE70016E}.Release|Any CPU.ActiveCfg = Release|Any CPU
		{52854BD0-2A33-4CE8-8305-A133CE70016E}.Release|Any CPU.Build.0 = Release|Any CPU
		{97A2E744-DA76-4132-9752-7613E297DDA2}.Debug|Any CPU.ActiveCfg = Debug|Any CPU
		{97A2E744-DA76-4132-9752-7613E297DDA2}.Debug|Any CPU.Build.0 = Debug|Any CPU
		{97A2E744-DA76-4132-9752-7613E297DDA2}.Release|Any CPU.ActiveCfg = Release|Any CPU
		{97A2E744-DA76-4132-9752-7613E297DDA2}.Release|Any CPU.Build.0 = Release|Any CPU
		{53AFFA21-3F94-4722-B622-816A12BB18BB}.Debug|Any CPU.ActiveCfg = Debug|Any CPU
		{53AFFA21-3F94-4722-B622-816A12BB18BB}.Debug|Any CPU.Build.0 = Debug|Any CPU
		{53AFFA21-3F94-4722-B622-816A12BB18BB}.Release|Any CPU.ActiveCfg = Release|Any CPU
		{53AFFA21-3F94-4722-B622-816A12BB18BB}.Release|Any CPU.Build.0 = Release|Any CPU
		{19A9A7DC-03EB-44A1-9AAB-E3BF44D8E814}.Debug|Any CPU.ActiveCfg = Debug|Any CPU
		{19A9A7DC-03EB-44A1-9AAB-E3BF44D8E814}.Debug|Any CPU.Build.0 = Debug|Any CPU
		{19A9A7DC-03EB-44A1-9AAB-E3BF44D8E814}.Release|Any CPU.ActiveCfg = Release|Any CPU
		{19A9A7DC-03EB-44A1-9AAB-E3BF44D8E814}.Release|Any CPU.Build.0 = Release|Any CPU
	EndGlobalSection
	GlobalSection(SolutionProperties) = preSolution
		HideSolutionNode = FALSE
	EndGlobalSection
	GlobalSection(ExtensibilityGlobals) = postSolution
		SolutionGuid = {6F8A80B8-3A58-4653-83C7-674682941D53}
	EndGlobalSection
EndGlobal
